
Microsoft Visual Studio Solution File, Format Version 12.00
# Visual Studio Version 16
VisualStudioVersion = 16.0.31205.134
MinimumVisualStudioVersion = 10.0.40219.1
Project("{FAE04EC0-301F-11D3-BF4B-00C04F79EFBC}") = "task1", "task1\task1.csproj", "{4DA394B7-E84F-435C-B9B7-99CA848A6B24}"
EndProject
Project("{FAE04EC0-301F-11D3-BF4B-00C04F79EFBC}") = "task1Test", "task1Test\task1Test.csproj", "{B88BAD3B-249B-46E4-B6D8-CF1DC4202B46}"
EndProject
Global
	GlobalSection(SolutionConfigurationPlatforms) = preSolution
		Debug|Any CPU = Debug|Any CPU
		Release|Any CPU = Release|Any CPU
	EndGlobalSection
	GlobalSection(ProjectConfigurationPlatforms) = postSolution
		{4DA394B7-E84F-435C-B9B7-99CA848A6B24}.Debug|Any CPU.ActiveCfg = Debug|Any CPU
		{4DA394B7-E84F-435C-B9B7-99CA848A6B24}.Debug|Any CPU.Build.0 = Debug|Any CPU
		{4DA394B7-E84F-435C-B9B7-99CA848A6B24}.Release|Any CPU.ActiveCfg = Release|Any CPU
		{4DA394B7-E84F-435C-B9B7-99CA848A6B24}.Release|Any CPU.Build.0 = Release|Any CPU
		{B88BAD3B-249B-46E4-B6D8-CF1DC4202B46}.Debug|Any CPU.ActiveCfg = Debug|Any CPU
		{B88BAD3B-249B-46E4-B6D8-CF1DC4202B46}.Debug|Any CPU.Build.0 = Debug|Any CPU
		{B88BAD3B-249B-46E4-B6D8-CF1DC4202B46}.Release|Any CPU.ActiveCfg = Release|Any CPU
		{B88BAD3B-249B-46E4-B6D8-CF1DC4202B46}.Release|Any CPU.Build.0 = Release|Any CPU
	EndGlobalSection
	GlobalSection(SolutionProperties) = preSolution
		HideSolutionNode = FALSE
	EndGlobalSection
	GlobalSection(ExtensibilityGlobals) = postSolution
		SolutionGuid = {E8C8204A-C152-4551-BAEF-631E5BD30DB1}
	EndGlobalSection
EndGlobal
